# THIS IS AN AUTOGENERATED FILE. DO NOT EDIT THIS FILE DIRECTLY.
# yarn lockfile v1


"@babel/runtime@^7.15.4":
  version "7.19.0"
  resolved "https://registry.yarnpkg.com/@babel/runtime/-/runtime-7.19.0.tgz#22b11c037b094d27a8a2504ea4dcff00f50e2259"
  integrity sha512-eR8Lo9hnDS7tqkO7NsV+mKvCmv5boaXFSZ70DnfhcgiEne8hv9oCEd36Klw74EtizEqLsy4YnW8UWwpBVolHZA==
  dependencies:
    regenerator-runtime "^0.13.4"

axios@^0.21.1:
  version "0.21.4"
  resolved "https://registry.yarnpkg.com/axios/-/axios-0.21.4.tgz#c67b90dc0568e5c1cf2b0b858c43ba28e2eda575"
  integrity sha512-ut5vewkiu8jjGBdqpM44XxjuCjq9LAKeHVmoVfHVzy8eHgxxq8SbAVQNovDA8mVi05kP0Ea/n/UzcSHcTJQfNg==
  dependencies:
    follow-redirects "^1.14.0"

complex.js@^2.0.15:
  version "2.1.1"
  resolved "https://registry.yarnpkg.com/complex.js/-/complex.js-2.1.1.tgz#0675dac8e464ec431fb2ab7d30f41d889fb25c31"
  integrity sha512-8njCHOTtFFLtegk6zQo0kkVX1rngygb/KQI6z1qZxlFI3scluC+LVTCFbrkWjBv4vvLlbQ9t88IPMC6k95VTTg==

decimal.js@^10.3.1:
  version "10.3.1"
  resolved "https://registry.yarnpkg.com/decimal.js/-/decimal.js-10.3.1.tgz#d8c3a444a9c6774ba60ca6ad7261c3a94fd5e783"
  integrity sha512-V0pfhfr8suzyPGOx3nmq4aHqabehUZn6Ch9kyFpV79TGDTWFmHqUqXdabR7QHqxzrYolF4+tVmJhUG4OURg5dQ==

escape-latex@^1.2.0:
  version "1.2.0"
  resolved "https://registry.yarnpkg.com/escape-latex/-/escape-latex-1.2.0.tgz#07c03818cf7dac250cce517f4fda1b001ef2bca1"
  integrity sha512-nV5aVWW1K0wEiUIEdZ4erkGGH8mDxGyxSeqPzRNtWP7ataw+/olFObw7hujFWlVjNsaDFw5VZ5NzVSIqRgfTiw==

follow-redirects@^1.14.0:
  version "1.15.0"
  resolved "https://registry.yarnpkg.com/follow-redirects/-/follow-redirects-1.15.0.tgz#06441868281c86d0dda4ad8bdaead2d02dca89d4"
  integrity sha512-aExlJShTV4qOUOL7yF1U5tvLCB0xQuudbf6toyYA0E/acBNw71mvjFTnLaRp50aQaYocMR0a/RMMBIHeZnGyjQ==

fraction.js@^4.1.1:
  version "4.2.0"
  resolved "https://registry.yarnpkg.com/fraction.js/-/fraction.js-4.2.0.tgz#448e5109a313a3527f5a3ab2119ec4cf0e0e2950"
  integrity sha512-MhLuK+2gUcnZe8ZHlaaINnQLl0xRIGRfcGk2yl8xoQAfHrSsL3rYu6FCmBdkdbhc9EPlwyGHewaRsvwRMJtAlA==

javascript-natural-sort@^0.7.1:
  version "0.7.1"
  resolved "https://registry.yarnpkg.com/javascript-natural-sort/-/javascript-natural-sort-0.7.1.tgz#f9e2303d4507f6d74355a73664d1440fb5a0ef59"
  integrity sha512-nO6jcEfZWQXDhOiBtG2KvKyEptz7RVbpGP4vTD2hLBdmNQSsCiicO2Ioinv6UI4y9ukqnBpy+XZ9H6uLNgJTlw==

katex@^0.9.0:
  version "0.9.0"
  resolved "https://registry.yarnpkg.com/katex/-/katex-0.9.0.tgz#26a7d082c21d53725422d2d71da9b2d8455fbd4a"
  integrity sha512-lp3x90LT1tDZBW2tjLheJ98wmRMRjUHwk4QpaswT9bhqoQZ+XA4cPcjcQBxgOQNwaOSt6ZeL/a6GKQ1of3LFxQ==
  dependencies:
    match-at "^0.1.1"

match-at@^0.1.1:
  version "0.1.1"
  resolved "https://registry.yarnpkg.com/match-at/-/match-at-0.1.1.tgz#25d040d291777704d5e6556bbb79230ec2de0540"
  integrity sha512-h4Yd392z9mST+dzc+yjuybOGFNOZjmXIPKWjxBd1Bb23r4SmDOsk2NYCU2BMUBGbSpZqwVsZYNq26QS3xfaT3Q==

mathjs@^9.4.1:
  version "9.5.2"
  resolved "https://registry.yarnpkg.com/mathjs/-/mathjs-9.5.2.tgz#e0f3279320dc6f49e45d99c4fcdd8b52231f0462"
  integrity sha512-c0erTq0GP503/Ch2OtDOAn50GIOsuxTMjmE00NI/vKJFSWrDaQHRjx6ai+16xYv70yBSnnpUgHZGNf9FR9IwmA==
  dependencies:
    "@babel/runtime" "^7.15.4"
    complex.js "^2.0.15"
    decimal.js "^10.3.1"
    escape-latex "^1.2.0"
    fraction.js "^4.1.1"
    javascript-natural-sort "^0.7.1"
    seedrandom "^3.0.5"
    tiny-emitter "^2.1.0"
    typed-function "^2.0.0"

react-katex@^2.0.2:
  version "2.0.2"
  resolved "https://registry.yarnpkg.com/react-katex/-/react-katex-2.0.2.tgz#0cb9559a4f30cb18f808006922b116c06e8b0ae9"
  integrity sha512-mk1ezfUF4mBIstjvpfELf9g1rWF1Y1+idXMiOvkFvCLi0JFZDCQdui59VqQcI2ynOpb0jj52TM4kyBjKG+qEBg==
  dependencies:
    katex "^0.9.0"

regenerator-runtime@^0.13.4:
  version "0.13.7"
  resolved "https://registry.yarnpkg.com/regenerator-runtime/-/regenerator-runtime-0.13.7.tgz#cac2dacc8a1ea675feaabaeb8ae833898ae46f55"
  integrity sha512-a54FxoJDIr27pgf7IgeQGxmqUNYrcV338lf/6gH456HZ/PhX+5BcwHXG9ajESmwe6WRO0tAzRUrRmNONWgkrew==

seedrandom@^3.0.5:
  version "3.0.5"
  resolved "https://registry.yarnpkg.com/seedrandom/-/seedrandom-3.0.5.tgz#54edc85c95222525b0c7a6f6b3543d8e0b3aa0a7"
  integrity sha512-8OwmbklUNzwezjGInmZ+2clQmExQPvomqjL7LFqOYqtmuxRgQYqOD3mHaU+MvZn5FLUeVxVfQjwLZW/n/JFuqg==

tiny-emitter@^2.1.0:
  version "2.1.0"
  resolved "https://registry.yarnpkg.com/tiny-emitter/-/tiny-emitter-2.1.0.tgz#1d1a56edfc51c43e863cbb5382a72330e3555423"
  integrity sha512-NB6Dk1A9xgQPMoGqC5CVXn123gWyte215ONT5Pp5a0yt4nlEoO1ZWeCwpncaekPHXO60i47ihFnZPiRPjRMq4Q==

typed-function@^2.0.0:
  version "2.1.0"
  resolved "https://registry.yarnpkg.com/typed-function/-/typed-function-2.1.0.tgz#ded6f8a442ba8749ff3fe75bc41419c8d46ccc3f"
  integrity sha512-bctQIOqx2iVbWGDGPWwIm18QScpu2XRmkC19D8rQGFsjKSgteq/o1hTZvIG/wuDq8fanpBDrLkLq+aEN/6y5XQ==

typescript@^4.2.4:
  version "4.6.3"
  resolved "https://registry.yarnpkg.com/typescript/-/typescript-4.6.3.tgz#eefeafa6afdd31d725584c67a0eaba80f6fc6c6c"
  integrity sha512-yNIatDa5iaofVozS/uQJEl3JRWLKKGJKh6Yaiv0GLGSuhpFJe7P3SbHZ8/yjAHRQwKRoA6YZqlfjXWmVzoVSMw==
